
Microsoft Visual Studio Solution File, Format Version 12.00
# Visual Studio Version 16
VisualStudioVersion = 16.0.31321.278
MinimumVisualStudioVersion = 10.0.40219.1
Project("{FAE04EC0-301F-11D3-BF4B-00C04F79EFBC}") = "SmartHome", "SmartHome\SmartHome.csproj", "{DC262468-51B2-4AAE-9F46-4BBAF6407649}"
EndProject
Global
	GlobalSection(SolutionConfigurationPlatforms) = preSolution
		Debug|Any CPU = Debug|Any CPU
		Release|Any CPU = Release|Any CPU
	EndGlobalSection
	GlobalSection(ProjectConfigurationPlatforms) = postSolution
		{DC262468-51B2-4AAE-9F46-4BBAF6407649}.Debug|Any CPU.ActiveCfg = Debug|Any CPU
		{DC262468-51B2-4AAE-9F46-4BBAF6407649}.Debug|Any CPU.Build.0 = Debug|Any CPU
		{DC262468-51B2-4AAE-9F46-4BBAF6407649}.Release|Any CPU.ActiveCfg = Release|Any CPU
		{DC262468-51B2-4AAE-9F46-4BBAF6407649}.Release|Any CPU.Build.0 = Release|Any CPU
	EndGlobalSection
	GlobalSection(SolutionProperties) = preSolution
		HideSolutionNode = FALSE
	EndGlobalSection
	GlobalSection(ExtensibilityGlobals) = postSolution
		SolutionGuid = {B05918D5-1932-4A75-8149-A172731EEB0E}
	EndGlobalSection
EndGlobal
